
Microsoft Visual Studio Solution File, Format Version 12.00
# Visual Studio 14
VisualStudioVersion = 14.0.25420.1
MinimumVisualStudioVersion = 10.0.40219.1
Project("{FAE04EC0-301F-11D3-BF4B-00C04F79EFBC}") = "ProjetBar", "ConsoleApplication1\ProjetBar.csproj", "{A9209CF3-229E-4C09-ACA9-63812E43F886}"
EndProject
Project("{FAE04EC0-301F-11D3-BF4B-00C04F79EFBC}") = "WindowsFormsApplication1", "WindowsFormsApplication1\WindowsFormsApplication1.csproj", "{D461E1C3-BDBC-4711-808E-F47DEAE35117}"
EndProject
Global
	GlobalSection(SolutionConfigurationPlatforms) = preSolution
		Debug|Any CPU = Debug|Any CPU
		Release|Any CPU = Release|Any CPU
	EndGlobalSection
	GlobalSection(ProjectConfigurationPlatforms) = postSolution
		{A9209CF3-229E-4C09-ACA9-63812E43F886}.Debug|Any CPU.ActiveCfg = Debug|Any CPU
		{A9209CF3-229E-4C09-ACA9-63812E43F886}.Debug|Any CPU.Build.0 = Debug|Any CPU
		{A9209CF3-229E-4C09-ACA9-63812E43F886}.Release|Any CPU.ActiveCfg = Release|Any CPU
		{A9209CF3-229E-4C09-ACA9-63812E43F886}.Release|Any CPU.Build.0 = Release|Any CPU
		{D461E1C3-BDBC-4711-808E-F47DEAE35117}.Debug|Any CPU.ActiveCfg = Debug|Any CPU
		{D461E1C3-BDBC-4711-808E-F47DEAE35117}.Debug|Any CPU.Build.0 = Debug|Any CPU
		{D461E1C3-BDBC-4711-808E-F47DEAE35117}.Release|Any CPU.ActiveCfg = Release|Any CPU
		{D461E1C3-BDBC-4711-808E-F47DEAE35117}.Release|Any CPU.Build.0 = Release|Any CPU
	EndGlobalSection
	GlobalSection(SolutionProperties) = preSolution
		HideSolutionNode = FALSE
	EndGlobalSection
EndGlobal
